{
  "lockfileVersion": 1,
  "configVersion": 1,
  "workspaces": {
    "": {
      "name": "sq-devtools",
      "devDependencies": {
        "@biomejs/biome": "^2.5.5",
        "dprint": "^0.55.2",
      },
    },
  },
  "packages": {
    "@biomejs/biome": ["@biomejs/biome@2.5.5", "", { "optionalDependencies": { "@biomejs/cli-darwin-arm64": "2.5.5", "@biomejs/cli-darwin-x64": "2.5.5", "@biomejs/cli-linux-arm64": "2.5.5", "@biomejs/cli-linux-arm64-musl": "2.5.5", "@biomejs/cli-linux-x64": "2.5.5", "@biomejs/cli-linux-x64-musl": "2.5.5", "@biomejs/cli-win32-arm64": "2.5.5", "@biomejs/cli-win32-x64": "2.5.5" }, "bin": { "biome": "bin/biome" } }, "sha512-r1S8nFsAG1MY+vJFZALzIvwXAJv6ejDQ0mxP21Tgr9YK3ZFtjrvbBwDdNhx1rUqvccEIeNg20cYCNzl6Cr69pQ=="],

    "@biomejs/cli-darwin-arm64": ["@biomejs/cli-darwin-arm64@2.5.5", "", { "os": "darwin", "cpu": "arm64" }, "sha512-kUrAhXVWUrwmAUnV2iXSK7umxKFysTwvqK+Ty6ptUcLY/7T3SnCAjUowE4uvwaEej6nXZ7hu/dTtbokKdsPeag=="],

    "@biomejs/cli-darwin-x64": ["@biomejs/cli-darwin-x64@2.5.5", "", { "os": "darwin", "cpu": "x64" }, "sha512-DamiYc5bUYZ2uxlfc+RLEPtz1Abb6PO5eTbOkufLpSGwd/7AMQAdxhFYiXmwwkJL8IsT8S7GvdgwDHqaMFAvKw=="],

    "@biomejs/cli-linux-arm64": ["@biomejs/cli-linux-arm64@2.5.5", "", { "os": "linux", "cpu": "arm64" }, "sha512-lRKF/pH/1RiYiBKExi3TCZVAtvzEm77aifrvcNiDFrR9WxeAnDUjDnseb6y2XV85mjitLs6SILGm2XG77cHtSQ=="],

    "@biomejs/cli-linux-arm64-musl": ["@biomejs/cli-linux-arm64-musl@2.5.5", "", { "os": "linux", "cpu": "arm64" }, "sha512-U4WMl/sy/E/Q73vf15VspakLRRs2LDFcCeBxJnQfXzssb88zpV6PJPaQ3ezhQ7H6Ht2/8bvuZeHgJWzmoxllZg=="],

    "@biomejs/cli-linux-x64": ["@biomejs/cli-linux-x64@2.5.5", "", { "os": "linux", "cpu": "x64" }, "sha512-H/O39nJEw/2Zm/fm7hrmxxoF8kK/aU1uCoPp70ruXVbomaAdLpJJnCmL11Q2JotT8QVHH06So04Oq53lCSwSwQ=="],

    "@biomejs/cli-linux-x64-musl": ["@biomejs/cli-linux-x64-musl@2.5.5", "", { "os": "linux", "cpu": "x64" }, "sha512-m7wC7tjX5Lrmo69dc4md8FeKpPU1NTCY1v7xUoQQ2vadWwNnBS0KZOG8471otFPHrTHihQJAjQPgMObpLvDe6A=="],

    "@biomejs/cli-win32-arm64": ["@biomejs/cli-win32-arm64@2.5.5", "", { "os": "win32", "cpu": "arm64" }, "sha512-7BryINPuYypLUAH3o/o5ZdgomJ4zn3EDR0ChZJst7n32S6ZhKbgHXuYydLu+YAnx59ehGFR0z/MG6qnzQi3Yyw=="],

    "@biomejs/cli-win32-x64": ["@biomejs/cli-win32-x64@2.5.5", "", { "os": "win32", "cpu": "x64" }, "sha512-bIBFo+n6MIxdNcVFy5CrurbKiZQiUciK3bt8+O9I4wjFZNTfXLpi+giq47522eXqW5NBc9ulx7dR1SlZKi2J5g=="],

    "@dprint/android-arm64": ["@dprint/android-arm64@0.55.2", "", { "os": "android", "cpu": "arm64" }, "sha512-cywqM0E2h8lCA/b5BMFcuascaGuekm2lnyKb5hRH9juKbsqKeR8A7qf2p3nVWRQ8cM7djOnQwhy8ecQ3qd6j9A=="],

    "@dprint/android-x64": ["@dprint/android-x64@0.55.2", "", { "os": "android", "cpu": "x64" }, "sha512-BvcqquD94dSYQP2FzBuojU/8vITpwz80uAkub2xCCx5g7zYdUZ98tK+N3GKfRS5AUJ1LpRPJgbO09rRLEo8leA=="],

    "@dprint/darwin-arm64": ["@dprint/darwin-arm64@0.55.2", "", { "os": "darwin", "cpu": "arm64" }, "sha512-HjzasuPaC0EBHxEpS3Px/OPcxqZYln37xuAyYE0GFAhDuaotZEUpM8VE05Tzo4E32y7LKgLPT8CZVtEG5Ck7mQ=="],

    "@dprint/darwin-x64": ["@dprint/darwin-x64@0.55.2", "", { "os": "darwin", "cpu": "x64" }, "sha512-7XSF9XERvimg3XakXNlJRpJM9an5HKibWWShwCJr7Dz1Xp7P3pomjx9AtYV5EeD49GXu9FKdFfDiTC4BJtAVjA=="],

    "@dprint/linux-arm64-glibc": ["@dprint/linux-arm64-glibc@0.55.2", "", { "os": "linux", "cpu": "arm64" }, "sha512-2h5oe4tHGXJOTLU5BxVJLGPP1qQQxxECdjUaRkLxGn2rZIEf/7HwoJ+TjwMUaIVg4QxAFxfiMJJ3MRZjumJpsg=="],

    "@dprint/linux-arm64-musl": ["@dprint/linux-arm64-musl@0.55.2", "", { "os": "linux", "cpu": "arm64" }, "sha512-Z1X9mNLHWoSI7CHz888H2w27IV2UQ5lL/YbTwgguJM9ApLgvkMer5qr4pLlXF6vEY3+Rm0445eo3uojbjE7PTw=="],

    "@dprint/linux-loong64-glibc": ["@dprint/linux-loong64-glibc@0.55.2", "", { "os": "linux", "cpu": "none" }, "sha512-qxk4Cg/SjO14DALoG1MFZL+n6pEvCyd7VDHg1cQIpp82mZ+wtRaWkJqSaItWj12x8jihA32wAoQ/8OHz+5FFsQ=="],

    "@dprint/linux-loong64-musl": ["@dprint/linux-loong64-musl@0.55.2", "", { "os": "linux", "cpu": "none" }, "sha512-Mr+kRdZnxhUHBmhhADkYOo1g81PYvbh7eBo+lpMStgIvL/5Z93mGAcp/1NFcpeN02pilaI1N59awV08ApJ19cA=="],

    "@dprint/linux-ppc64-glibc": ["@dprint/linux-ppc64-glibc@0.55.2", "", { "os": "linux", "cpu": "ppc64" }, "sha512-C8XEL3f3yg+MWZD4qlot+ibJ0GDPvCT5jq9ErwPdKteyIPpe6IPSqiEApYSQ194Q7audL8rgS0WdJsW4HNVhmw=="],

    "@dprint/linux-ppc64-musl": ["@dprint/linux-ppc64-musl@0.55.2", "", { "os": "linux", "cpu": "ppc64" }, "sha512-tSGe4bTmL5/EhNH38baCKWBGxOXVB0M5Loxnpls7wsQjuLpzWnzDCw4wiO3C7PrKLbAe4sJUWhbgdDXa3TJ2eQ=="],

    "@dprint/linux-riscv64-glibc": ["@dprint/linux-riscv64-glibc@0.55.2", "", { "os": "linux", "cpu": "none" }, "sha512-gSaoq9e3vGTfYm5jcEd86YysFsp8OJF/CGZgBzNNu3NSjLEs8VVgTObDxQI+U7ex2mA17lbpWyr3diejaaK+bg=="],

    "@dprint/linux-x64-glibc": ["@dprint/linux-x64-glibc@0.55.2", "", { "os": "linux", "cpu": "x64" }, "sha512-GBLWjuqTT5OGbqh2gQENQihhfRn/AjdDu2SVwjmbZcOFR80HMppIfFrIIolBB3FLyrZk+M8rMk8EAo0tQ3PAXw=="],

    "@dprint/linux-x64-musl": ["@dprint/linux-x64-musl@0.55.2", "", { "os": "linux", "cpu": "x64" }, "sha512-GZEUpmtxCOiauRtqOqT/erAjy2ws8dOxx7oQJFf9g5bypisuapwymvr7fUVVb8nqccFqjx7E5kN4IxKDlzntHA=="],

    "@dprint/win32-arm64": ["@dprint/win32-arm64@0.55.2", "", { "os": "win32", "cpu": "arm64" }, "sha512-dxDdxU4a6wQ4K0omdAxW7o0mUdOI03z0/Ah3N6O9Ja7wAMQI5sbfzq7DOJ739UVXtHSB4zBTtYuk1MrBOIyVQQ=="],

    "@dprint/win32-x64": ["@dprint/win32-x64@0.55.2", "", { "os": "win32", "cpu": "x64" }, "sha512-UTiDSShHbrkx+z719/MffgwGYD8PaypdVmG4vVJVjmF5Hoin6EfugHhSoBf8+G6U9rF+uDIIl0idZq+6Bifzwg=="],

    "dprint": ["dprint@0.55.2", "", { "optionalDependencies": { "@dprint/android-arm64": "0.55.2", "@dprint/android-x64": "0.55.2", "@dprint/darwin-arm64": "0.55.2", "@dprint/darwin-x64": "0.55.2", "@dprint/linux-arm64-glibc": "0.55.2", "@dprint/linux-arm64-musl": "0.55.2", "@dprint/linux-loong64-glibc": "0.55.2", "@dprint/linux-loong64-musl": "0.55.2", "@dprint/linux-ppc64-glibc": "0.55.2", "@dprint/linux-ppc64-musl": "0.55.2", "@dprint/linux-riscv64-glibc": "0.55.2", "@dprint/linux-x64-glibc": "0.55.2", "@dprint/linux-x64-musl": "0.55.2", "@dprint/win32-arm64": "0.55.2", "@dprint/win32-x64": "0.55.2" }, "bin": { "dprint": "bin.cjs" } }, "sha512-1d4D4SB9KiD2qFnBWbl3aoYjLvPVpZoth28yxTT00xJv2yXugdz0Xoyv7sGG0w0hzE6hQZMgd6B333GnySDpGQ=="],
  }
}
