{
  "lockfileVersion": 1,
  "configVersion": 1,
  "workspaces": {
    "": {
      "name": "sq-markdownlint",
      "devDependencies": {
        "@biomejs/biome": "^2.5.0",
        "dprint": "^0.55.0",
      },
    },
  },
  "packages": {
    "@biomejs/biome": ["@biomejs/biome@2.5.0", "", { "optionalDependencies": { "@biomejs/cli-darwin-arm64": "2.5.0", "@biomejs/cli-darwin-x64": "2.5.0", "@biomejs/cli-linux-arm64": "2.5.0", "@biomejs/cli-linux-arm64-musl": "2.5.0", "@biomejs/cli-linux-x64": "2.5.0", "@biomejs/cli-linux-x64-musl": "2.5.0", "@biomejs/cli-win32-arm64": "2.5.0", "@biomejs/cli-win32-x64": "2.5.0" }, "bin": { "biome": "bin/biome" } }, "sha512-4kURkd9hAPrdDM3C9n82ycYgx8hvQcW6MjKTEejruj8rK0N8P3OPpdy8BvI8kt3KWY4ycF5XtDOrktetEfhfuw=="],

    "@biomejs/cli-darwin-arm64": ["@biomejs/cli-darwin-arm64@2.5.0", "", { "os": "darwin", "cpu": "arm64" }, "sha512-Mn3Fwi3SA5fgmfCPqmzpWF2DLZnms3BVAhM088nTnGrTZmHS3wwIjcoZPqpXeNgd3DrrLH6xp8vTLIBuJoZiXw=="],

    "@biomejs/cli-darwin-x64": ["@biomejs/cli-darwin-x64@2.5.0", "", { "os": "darwin", "cpu": "x64" }, "sha512-rg3VPL5P8mYro6pqlXYXuJWph21slVp3SZtAqWSrkZs40d2gTzYmHF8E/X1iTID25btmNKltNDJ926sqVBp7DQ=="],

    "@biomejs/cli-linux-arm64": ["@biomejs/cli-linux-arm64@2.5.0", "", { "os": "linux", "cpu": "arm64" }, "sha512-tl+LW8fdD96/xdeWtWwc82LIOc5CoY7N2AsogLTp5R4ECErYt+8Jl/N68ezN9vzSiqPTxw6vjcihoLPYKZHrlw=="],

    "@biomejs/cli-linux-arm64-musl": ["@biomejs/cli-linux-arm64-musl@2.5.0", "", { "os": "linux", "cpu": "arm64" }, "sha512-vQdM4oSGaf7ZNeGO9w5+Y8SBtyser9M6znxYbm7Ec8wInxJu1WiKxFYZW5Auj2d80bcVvefuGGRxoFOE0eee8g=="],

    "@biomejs/cli-linux-x64": ["@biomejs/cli-linux-x64@2.5.0", "", { "os": "linux", "cpu": "x64" }, "sha512-zpEGf4RQbFEh8Vt7OmavLyyOzRbtcE9osCqrS1kfvt8jDvxwhKXLSf7n0ebr/ov0RJ9ssP+lhs6C8a9WwFvrQA=="],

    "@biomejs/cli-linux-x64-musl": ["@biomejs/cli-linux-x64-musl@2.5.0", "", { "os": "linux", "cpu": "x64" }, "sha512-+9hIcMngJ+yGUahXqZuZ8CoWKJE9SAZsFsM3QDvXpNsLbXZ9lqVzgBhOk/jTSYkOA0GLP9eu3teukqpLUojHMg=="],

    "@biomejs/cli-win32-arm64": ["@biomejs/cli-win32-arm64@2.5.0", "", { "os": "win32", "cpu": "arm64" }, "sha512-jB0wAvTLI4itx5VidqVUejPQFhRUxiZ9l9FvZ26D5fl6t3qme+ZB4PD3bTSeL1vZ8NI2Rx/zj6H9zcESuGHKGw=="],

    "@biomejs/cli-win32-x64": ["@biomejs/cli-win32-x64@2.5.0", "", { "os": "win32", "cpu": "x64" }, "sha512-VT/lF+GId+67j8aDfLkxdxNoVApsPSTbyAtB3jJq0IWTrY77WXfbPfpngxq0bA6JCEv/7k8C9qWjDRKRznDlyw=="],

    "@dprint/android-arm64": ["@dprint/android-arm64@0.55.0", "", { "os": "android", "cpu": "arm64" }, "sha512-JMRV+SUUc9JxcrQPBhpDsHSLNa/pEKeExttOOiSD8zMoKftyRStsv8NHBj+g5comZu04PyoY7dwyBP8WHPsceQ=="],

    "@dprint/android-x64": ["@dprint/android-x64@0.55.0", "", { "os": "android", "cpu": "x64" }, "sha512-lvKvsc/WaPy+ond3H61mi6AM0YJ0fXp9KNtyIm2NSXl15PnjPfAL/qdpdczIoYq8wld7LqzUqIszPZWQ4TU+lA=="],

    "@dprint/darwin-arm64": ["@dprint/darwin-arm64@0.55.0", "", { "os": "darwin", "cpu": "arm64" }, "sha512-4NmECJlOeZFgSEYsAq8q2B/EyQSHcUG/s9bANQp1DQmSty8Wb9ad1w7PuvVpQ0+UY4JFf5dWxROsP425+3qnjg=="],

    "@dprint/darwin-x64": ["@dprint/darwin-x64@0.55.0", "", { "os": "darwin", "cpu": "x64" }, "sha512-ssr1FD3dCkBQHbWEHWwkqPWIAlEijVv8EbyEb8oqdTR9pQGCh36ZCeXWYL1dTqANqKaXTq1bDFxXbdN3WlGgVw=="],

    "@dprint/linux-arm64-glibc": ["@dprint/linux-arm64-glibc@0.55.0", "", { "os": "linux", "cpu": "arm64" }, "sha512-1446h0ppwTyYnh+dkgYY+Sb4Psc2xLlwQx7FsAeIVCmc13V58cWHM6XUJPnlZttEU5zrW6MoW+eeGFxSFZyxjw=="],

    "@dprint/linux-arm64-musl": ["@dprint/linux-arm64-musl@0.55.0", "", { "os": "linux", "cpu": "arm64" }, "sha512-XlaMrQ3ZTodsUQ5F7eibGfmjjXlHIWxk/4cRungCQX63ECi491/mlL0e2exck3nkKuvhO0/ND447hLjlaNV1Qg=="],

    "@dprint/linux-loong64-glibc": ["@dprint/linux-loong64-glibc@0.55.0", "", { "os": "linux", "cpu": "none" }, "sha512-yJRGtttpg6MBAd3axX77NM4lUwU6S5M4rbh1fTt4d3Zdy2uvo37Vi/hRMoiXzOJveo4PxUF3Cfhj4TQDsNOtEg=="],

    "@dprint/linux-loong64-musl": ["@dprint/linux-loong64-musl@0.55.0", "", { "os": "linux", "cpu": "none" }, "sha512-U9SfYqbMFp046c6DUSoCy/5ElfqfheDodJzGVYZw7CLK6QEJkPPJ6g4s5Qa9feAOwfzmBQ8qN7tvnn2tqh6XTA=="],

    "@dprint/linux-ppc64-glibc": ["@dprint/linux-ppc64-glibc@0.55.0", "", { "os": "linux", "cpu": "ppc64" }, "sha512-TXYhGZQRlJGM8o+zO6tG7eLTebZiLVsfLlMVJ/n/ZCHsNvOmTeSZ/ssMkJX29fKCcCdfvT7swF1Ce2ag99q/Lw=="],

    "@dprint/linux-ppc64-musl": ["@dprint/linux-ppc64-musl@0.55.0", "", { "os": "linux", "cpu": "ppc64" }, "sha512-KiQAr4PxNQqOr3Y0255xluolQEIY4XJ95jRgHD8QqXZhn7/hS2DF8TZiT3HeU4tQw21ZbmFTMtG9JLJBjJuf8A=="],

    "@dprint/linux-riscv64-glibc": ["@dprint/linux-riscv64-glibc@0.55.0", "", { "os": "linux", "cpu": "none" }, "sha512-s9hrXp4aaeeT09fF87LeWwR4gAMhirPhluBRl0OfH0FSEdjVa+3Ee8x4hK91KeYQV+5d12s2V/bXwLbu2qiI3A=="],

    "@dprint/linux-x64-glibc": ["@dprint/linux-x64-glibc@0.55.0", "", { "os": "linux", "cpu": "x64" }, "sha512-W8Ld8C1pSoa8jIDP1qmAIuVsKfIaYVg50qi4RgBNBflySpotIGQOBkdZragUHNGzD0JkLS+U73r6kpOuTkThRA=="],

    "@dprint/linux-x64-musl": ["@dprint/linux-x64-musl@0.55.0", "", { "os": "linux", "cpu": "x64" }, "sha512-Q+ljGBsZHpG9PIflYqUb2mBe6wHb5aCvIazlz0srzcIq55NkdkHIzc811DH9TFfc64i38v9AJ4JR8TMfw0wWvg=="],

    "@dprint/win32-arm64": ["@dprint/win32-arm64@0.55.0", "", { "os": "win32", "cpu": "arm64" }, "sha512-ZG9NI2S8qf80oKgzwiTstc4OIwQPK1OtUB+2+xj3DBGqjCT8eG3bvdGrFICQbPo4zO0s8SuMc/t6zsXgV08t1w=="],

    "@dprint/win32-x64": ["@dprint/win32-x64@0.55.0", "", { "os": "win32", "cpu": "x64" }, "sha512-huBVxrlV3SEQ+qWRcwSbf9RBlygwsGOTUbiqU6UwxmsvIseDbMVvHjdIZcJv0Qbcz9wN1WWWZ2M8F7oYWDN+gA=="],

    "dprint": ["dprint@0.55.0", "", { "optionalDependencies": { "@dprint/android-arm64": "0.55.0", "@dprint/android-x64": "0.55.0", "@dprint/darwin-arm64": "0.55.0", "@dprint/darwin-x64": "0.55.0", "@dprint/linux-arm64-glibc": "0.55.0", "@dprint/linux-arm64-musl": "0.55.0", "@dprint/linux-loong64-glibc": "0.55.0", "@dprint/linux-loong64-musl": "0.55.0", "@dprint/linux-ppc64-glibc": "0.55.0", "@dprint/linux-ppc64-musl": "0.55.0", "@dprint/linux-riscv64-glibc": "0.55.0", "@dprint/linux-x64-glibc": "0.55.0", "@dprint/linux-x64-musl": "0.55.0", "@dprint/win32-arm64": "0.55.0", "@dprint/win32-x64": "0.55.0" }, "bin": { "dprint": "bin.cjs" } }, "sha512-uaRvLuhx41C36WGEfLaRU97zmryGJYEQhXDHZDp4nbxFVZlTSzbTRYfs3+GiM01akLLyvQFlmBSART05/gg1Kg=="],
  }
}
